
Microsoft Visual Studio Solution File, Format Version 12.00
# Visual Studio Version 16
VisualStudioVersion = 16.0.29418.71
MinimumVisualStudioVersion = 10.0.40219.1
Project("{9A19103F-16F7-4668-BE54-9A1E7A4F7556}") = "Aoys.WebFront", "Aoys.WebFront\Aoys.WebFront.csproj", "{A9E66F47-3F70-4E88-85AE-37352A0C5E71}"
EndProject
Project("{FAE04EC0-301F-11D3-BF4B-00C04F79EFBC}") = "Aoys.Common", "Aoys.Common\Aoys.Common.csproj", "{E411F856-145C-4D98-B636-ACDE3B348CA7}"
EndProject
Global
	GlobalSection(SolutionConfigurationPlatforms) = preSolution
		Debug|Any CPU = Debug|Any CPU
		Release|Any CPU = Release|Any CPU
	EndGlobalSection
	GlobalSection(ProjectConfigurationPlatforms) = postSolution
		{A9E66F47-3F70-4E88-85AE-37352A0C5E71}.Debug|Any CPU.ActiveCfg = Debug|Any CPU
		{A9E66F47-3F70-4E88-85AE-37352A0C5E71}.Debug|Any CPU.Build.0 = Debug|Any CPU
		{A9E66F47-3F70-4E88-85AE-37352A0C5E71}.Release|Any CPU.ActiveCfg = Release|Any CPU
		{A9E66F47-3F70-4E88-85AE-37352A0C5E71}.Release|Any CPU.Build.0 = Release|Any CPU
		{E411F856-145C-4D98-B636-ACDE3B348CA7}.Debug|Any CPU.ActiveCfg = Debug|Any CPU
		{E411F856-145C-4D98-B636-ACDE3B348CA7}.Debug|Any CPU.Build.0 = Debug|Any CPU
		{E411F856-145C-4D98-B636-ACDE3B348CA7}.Release|Any CPU.ActiveCfg = Release|Any CPU
		{E411F856-145C-4D98-B636-ACDE3B348CA7}.Release|Any CPU.Build.0 = Release|Any CPU
	EndGlobalSection
	GlobalSection(SolutionProperties) = preSolution
		HideSolutionNode = FALSE
	EndGlobalSection
	GlobalSection(ExtensibilityGlobals) = postSolution
		SolutionGuid = {D7FA9E8B-0336-4577-91FE-1202D19DB2FA}
	EndGlobalSection
EndGlobal
